
Microsoft Visual Studio Solution File, Format Version 12.00
# Visual Studio Version 16
VisualStudioVersion = 16.0.31729.503
MinimumVisualStudioVersion = 10.0.40219.1
Project("{FAE04EC0-301F-11D3-BF4B-00C04F79EFBC}") = "SfListView.UWP", "SfListView.UWP\SfListView.UWP.csproj", "{D09635BA-ABC7-4B01-B970-EED329BDC7BD}"
EndProject
Project("{FAE04EC0-301F-11D3-BF4B-00C04F79EFBC}") = "SfListView.Android", "SfListView.Android\SfListView.Android.csproj", "{6E6B0D37-9A0F-43B0-B0BA-713F11B45F43}"
EndProject
Project("{FAE04EC0-301F-11D3-BF4B-00C04F79EFBC}") = "SfListView.iOS", "SfListView.iOS\SfListView.iOS.csproj", "{E5296DFA-7710-4D5A-9F6F-AF8D505E8B41}"
EndProject
Project("{FAE04EC0-301F-11D3-BF4B-00C04F79EFBC}") = "SfListView", "SfListView\SfListView.csproj", "{9F802985-8A34-4886-83AE-D4EF0E216CAD}"
EndProject
Global
	GlobalSection(SolutionConfigurationPlatforms) = preSolution
		Debug|Any CPU = Debug|Any CPU
		Debug|ARM = Debug|ARM
		Debug|iPhone = Debug|iPhone
		Debug|iPhoneSimulator = Debug|iPhoneSimulator
		Debug|x64 = Debug|x64
		Debug|x86 = Debug|x86
		Release|Any CPU = Release|Any CPU
		Release|ARM = Release|ARM
		Release|iPhone = Release|iPhone
		Release|iPhoneSimulator = Release|iPhoneSimulator
		Release|x64 = Release|x64
		Release|x86 = Release|x86
	EndGlobalSection
	GlobalSection(ProjectConfigurationPlatforms) = postSolution
		{D09635BA-ABC7-4B01-B970-EED329BDC7BD}.Debug|Any CPU.ActiveCfg = Debug|x86
		{D09635BA-ABC7-4B01-B970-EED329BDC7BD}.Debug|Any CPU.Build.0 = Debug|x86
		{D09635BA-ABC7-4B01-B970-EED329BDC7BD}.Debug|Any CPU.Deploy.0 = Debug|x86
		{D09635BA-ABC7-4B01-B970-EED329BDC7BD}.Debug|ARM.ActiveCfg = Debug|ARM
		{D09635BA-ABC7-4B01-B970-EED329BDC7BD}.Debug|ARM.Build.0 = Debug|ARM
		{D09635BA-ABC7-4B01-B970-EED329BDC7BD}.Debug|ARM.Deploy.0 = Debug|ARM
		{D09635BA-ABC7-4B01-B970-EED329BDC7BD}.Debug|iPhone.ActiveCfg = Debug|x86
		{D09635BA-ABC7-4B01-B970-EED329BDC7BD}.Debug|iPhone.Build.0 = Debug|x86
		{D09635BA-ABC7-4B01-B970-EED329BDC7BD}.Debug|iPhone.Deploy.0 = Debug|x86
		{D09635BA-ABC7-4B01-B970-EED329BDC7BD}.Debug|iPhoneSimulator.ActiveCfg = Debug|x86
		{D09635BA-ABC7-4B01-B970-EED329BDC7BD}.Debug|iPhoneSimulator.Build.0 = Debug|x86
		{D09635BA-ABC7-4B01-B970-EED329BDC7BD}.Debug|iPhoneSimulator.Deploy.0 = Debug|x86
		{D09635BA-ABC7-4B01-B970-EED329BDC7BD}.Debug|x64.ActiveCfg = Debug|x64
		{D09635BA-ABC7-4B01-B970-EED329BDC7BD}.Debug|x64.Build.0 = Debug|x64
		{D09635BA-ABC7-4B01-B970-EED329BDC7BD}.Debug|x64.Deploy.0 = Debug|x64
		{D09635BA-ABC7-4B01-B970-EED329BDC7BD}.Debug|x86.ActiveCfg = Debug|x86
		{D09635BA-ABC7-4B01-B970-EED329BDC7BD}.Debug|x86.Build.0 = Debug|x86
		{D09635BA-ABC7-4B01-B970-EED329BDC7BD}.Debug|x86.Deploy.0 = Debug|x86
		{D09635BA-ABC7-4B01-B970-EED329BDC7BD}.Release|Any CPU.ActiveCfg = Release|x86
		{D09635BA-ABC7-4B01-B970-EED329BDC7BD}.Release|Any CPU.Build.0 = Release|x86
		{D09635BA-ABC7-4B01-B970-EED329BDC7BD}.Release|Any CPU.Deploy.0 = Release|x86
		{D09635BA-ABC7-4B01-B970-EED329BDC7BD}.Release|ARM.ActiveCfg = Release|ARM
		{D09635BA-ABC7-4B01-B970-EED329BDC7BD}.Release|ARM.Build.0 = Release|ARM
		{D09635BA-ABC7-4B01-B970-EED329BDC7BD}.Release|ARM.Deploy.0 = Release|ARM
		{D09635BA-ABC7-4B01-B970-EED329BDC7BD}.Release|iPhone.ActiveCfg = Release|x86
		{D09635BA-ABC7-4B01-B970-EED329BDC7BD}.Release|iPhone.Build.0 = Release|x86
		{D09635BA-ABC7-4B01-B970-EED329BDC7BD}.Release|iPhone.Deploy.0 = Release|x86
		{D09635BA-ABC7-4B01-B970-EED329BDC7BD}.Release|iPhoneSimulator.ActiveCfg = Release|x86
		{D09635BA-ABC7-4B01-B970-EED329BDC7BD}.Release|iPhoneSimulator.Build.0 = Release|x86
		{D09635BA-ABC7-4B01-B970-EED329BDC7BD}.Release|iPhoneSimulator.Deploy.0 = Release|x86
		{D09635BA-ABC7-4B01-B970-EED329BDC7BD}.Release|x64.ActiveCfg = Release|x64
		{D09635BA-ABC7-4B01-B970-EED329BDC7BD}.Release|x64.Build.0 = Release|x64
		{D09635BA-ABC7-4B01-B970-EED329BDC7BD}.Release|x64.Deploy.0 = Release|x64
		{D09635BA-ABC7-4B01-B970-EED329BDC7BD}.Release|x86.ActiveCfg = Release|x86
		{D09635BA-ABC7-4B01-B970-EED329BDC7BD}.Release|x86.Build.0 = Release|x86
		{D09635BA-ABC7-4B01-B970-EED329BDC7BD}.Release|x86.Deploy.0 = Release|x86
		{6E6B0D37-9A0F-43B0-B0BA-713F11B45F43}.Debug|Any CPU.ActiveCfg = Debug|Any CPU
		{6E6B0D37-9A0F-43B0-B0BA-713F11B45F43}.Debug|Any CPU.Build.0 = Debug|Any CPU
		{6E6B0D37-9A0F-43B0-B0BA-713F11B45F43}.Debug|Any CPU.Deploy.0 = Debug|Any CPU
		{6E6B0D37-9A0F-43B0-B0BA-713F11B45F43}.Debug|ARM.ActiveCfg = Debug|Any CPU
		{6E6B0D37-9A0F-43B0-B0BA-713F11B45F43}.Debug|ARM.Build.0 = Debug|Any CPU
		{6E6B0D37-9A0F-43B0-B0BA-713F11B45F43}.Debug|ARM.Deploy.0 = Debug|Any CPU
		{6E6B0D37-9A0F-43B0-B0BA-713F11B45F43}.Debug|iPhone.ActiveCfg = Debug|Any CPU
		{6E6B0D37-9A0F-43B0-B0BA-713F11B45F43}.Debug|iPhone.Build.0 = Debug|Any CPU
		{6E6B0D37-9A0F-43B0-B0BA-713F11B45F43}.Debug|iPhone.Deploy.0 = Debug|Any CPU
		{6E6B0D37-9A0F-43B0-B0BA-713F11B45F43}.Debug|iPhoneSimulator.ActiveCfg = Debug|Any CPU
		{6E6B0D37-9A0F-43B0-B0BA-713F11B45F43}.Debug|iPhoneSimulator.Build.0 = Debug|Any CPU
		{6E6B0D37-9A0F-43B0-B0BA-713F11B45F43}.Debug|iPhoneSimulator.Deploy.0 = Debug|Any CPU
		{6E6B0D37-9A0F-43B0-B0BA-713F11B45F43}.Debug|x64.ActiveCfg = Debug|Any CPU
		{6E6B0D37-9A0F-43B0-B0BA-713F11B45F43}.Debug|x64.Build.0 = Debug|Any CPU
		{6E6B0D37-9A0F-43B0-B0BA-713F11B45F43}.Debug|x64.Deploy.0 = Debug|Any CPU
		{6E6B0D37-9A0F-43B0-B0BA-713F11B45F43}.Debug|x86.ActiveCfg = Debug|Any CPU
		{6E6B0D37-9A0F-43B0-B0BA-713F11B45F43}.Debug|x86.Build.0 = Debug|Any CPU
		{6E6B0D37-9A0F-43B0-B0BA-713F11B45F43}.Debug|x86.Deploy.0 = Debug|Any CPU
		{6E6B0D37-9A0F-43B0-B0BA-713F11B45F43}.Release|Any CPU.ActiveCfg = Release|Any CPU
		{6E6B0D37-9A0F-43B0-B0BA-713F11B45F43}.Release|Any CPU.Build.0 = Release|Any CPU
		{6E6B0D37-9A0F-43B0-B0BA-713F11B45F43}.Release|Any CPU.Deploy.0 = Release|Any CPU
		{6E6B0D37-9A0F-43B0-B0BA-713F11B45F43}.Release|ARM.ActiveCfg = Release|Any CPU
		{6E6B0D37-9A0F-43B0-B0BA-713F11B45F43}.Release|ARM.Build.0 = Release|Any CPU
		{6E6B0D37-9A0F-43B0-B0BA-713F11B45F43}.Release|ARM.Deploy.0 = Release|Any CPU
		{6E6B0D37-9A0F-43B0-B0BA-713F11B45F43}.Release|iPhone.ActiveCfg = Release|Any CPU
		{6E6B0D37-9A0F-43B0-B0BA-713F11B45F43}.Release|iPhone.Build.0 = Release|Any CPU
		{6E6B0D37-9A0F-43B0-B0BA-713F11B45F43}.Release|iPhone.Deploy.0 = Release|Any CPU
		{6E6B0D37-9A0F-43B0-B0BA-713F11B45F43}.Release|iPhoneSimulator.ActiveCfg = Release|Any CPU
		{6E6B0D37-9A0F-43B0-B0BA-713F11B45F43}.Release|iPhoneSimulator.Build.0 = Release|Any CPU
		{6E6B0D37-9A0F-43B0-B0BA-713F11B45F43}.Release|iPhoneSimulator.Deploy.0 = Release|Any CPU
		{6E6B0D37-9A0F-43B0-B0BA-713F11B45F43}.Release|x64.ActiveCfg = Release|Any CPU
		{6E6B0D37-9A0F-43B0-B0BA-713F11B45F43}.Release|x64.Build.0 = Release|Any CPU
		{6E6B0D37-9A0F-43B0-B0BA-713F11B45F43}.Release|x64.Deploy.0 = Release|Any CPU
		{6E6B0D37-9A0F-43B0-B0BA-713F11B45F43}.Release|x86.ActiveCfg = Release|Any CPU
		{6E6B0D37-9A0F-43B0-B0BA-713F11B45F43}.Release|x86.Build.0 = Release|Any CPU
		{6E6B0D37-9A0F-43B0-B0BA-713F11B45F43}.Release|x86.Deploy.0 = Release|Any CPU
		{E5296DFA-7710-4D5A-9F6F-AF8D505E8B41}.Debug|Any CPU.ActiveCfg = Debug|iPhoneSimulator
		{E5296DFA-7710-4D5A-9F6F-AF8D505E8B41}.Debug|Any CPU.Build.0 = Debug|iPhoneSimulator
		{E5296DFA-7710-4D5A-9F6F-AF8D505E8B41}.Debug|Any CPU.Deploy.0 = Debug|iPhoneSimulator
		{E5296DFA-7710-4D5A-9F6F-AF8D505E8B41}.Debug|ARM.ActiveCfg = Debug|iPhone
		{E5296DFA-7710-4D5A-9F6F-AF8D505E8B41}.Debug|ARM.Build.0 = Debug|iPhone
		{E5296DFA-7710-4D5A-9F6F-AF8D505E8B41}.Debug|ARM.Deploy.0 = Debug|iPhone
		{E5296DFA-7710-4D5A-9F6F-AF8D505E8B41}.Debug|iPhone.ActiveCfg = Debug|iPhone
		{E5296DFA-7710-4D5A-9F6F-AF8D505E8B41}.Debug|iPhone.Build.0 = Debug|iPhone
		{E5296DFA-7710-4D5A-9F6F-AF8D505E8B41}.Debug|iPhone.Deploy.0 = Debug|iPhone
		{E5296DFA-7710-4D5A-9F6F-AF8D505E8B41}.Debug|iPhoneSimulator.ActiveCfg = Debug|iPhoneSimulator
		{E5296DFA-7710-4D5A-9F6F-AF8D505E8B41}.Debug|iPhoneSimulator.Build.0 = Debug|iPhoneSimulator
		{E5296DFA-7710-4D5A-9F6F-AF8D505E8B41}.Debug|iPhoneSimulator.Deploy.0 = Debug|iPhoneSimulator
		{E5296DFA-7710-4D5A-9F6F-AF8D505E8B41}.Debug|x64.ActiveCfg = Debug|iPhoneSimulator
		{E5296DFA-7710-4D5A-9F6F-AF8D505E8B41}.Debug|x64.Build.0 = Debug|iPhoneSimulator
		{E5296DFA-7710-4D5A-9F6F-AF8D505E8B41}.Debug|x64.Deploy.0 = Debug|iPhoneSimulator
		{E5296DFA-7710-4D5A-9F6F-AF8D505E8B41}.Debug|x86.ActiveCfg = Debug|iPhoneSimulator
		{E5296DFA-7710-4D5A-9F6F-AF8D505E8B41}.Debug|x86.Build.0 = Debug|iPhoneSimulator
		{E5296DFA-7710-4D5A-9F6F-AF8D505E8B41}.Debug|x86.Deploy.0 = Debug|iPhoneSimulator
		{E5296DFA-7710-4D5A-9F6F-AF8D505E8B41}.Release|Any CPU.ActiveCfg = Release|iPhoneSimulator
		{E5296DFA-7710-4D5A-9F6F-AF8D505E8B41}.Release|Any CPU.Build.0 = Release|iPhoneSimulator
		{E5296DFA-7710-4D5A-9F6F-AF8D505E8B41}.Release|Any CPU.Deploy.0 = Release|iPhoneSimulator
		{E5296DFA-7710-4D5A-9F6F-AF8D505E8B41}.Release|ARM.ActiveCfg = Release|iPhoneSimulator
		{E5296DFA-7710-4D5A-9F6F-AF8D505E8B41}.Release|ARM.Build.0 = Release|iPhoneSimulator
		{E5296DFA-7710-4D5A-9F6F-AF8D505E8B41}.Release|ARM.Deploy.0 = Release|iPhoneSimulator
		{E5296DFA-7710-4D5A-9F6F-AF8D505E8B41}.Release|iPhone.ActiveCfg = Release|iPhone
		{E5296DFA-7710-4D5A-9F6F-AF8D505E8B41}.Release|iPhone.Build.0 = Release|iPhone
		{E5296DFA-7710-4D5A-9F6F-AF8D505E8B41}.Release|iPhone.Deploy.0 = Release|iPhone
		{E5296DFA-7710-4D5A-9F6F-AF8D505E8B41}.Release|iPhoneSimulator.ActiveCfg = Release|iPhoneSimulator
		{E5296DFA-7710-4D5A-9F6F-AF8D505E8B41}.Release|iPhoneSimulator.Build.0 = Release|iPhoneSimulator
		{E5296DFA-7710-4D5A-9F6F-AF8D505E8B41}.Release|iPhoneSimulator.Deploy.0 = Release|iPhoneSimulator
		{E5296DFA-7710-4D5A-9F6F-AF8D505E8B41}.Release|x64.ActiveCfg = Release|iPhoneSimulator
		{E5296DFA-7710-4D5A-9F6F-AF8D505E8B41}.Release|x64.Build.0 = Release|iPhoneSimulator
		{E5296DFA-7710-4D5A-9F6F-AF8D505E8B41}.Release|x64.Deploy.0 = Release|iPhoneSimulator
		{E5296DFA-7710-4D5A-9F6F-AF8D505E8B41}.Release|x86.ActiveCfg = Release|iPhoneSimulator
		{E5296DFA-7710-4D5A-9F6F-AF8D505E8B41}.Release|x86.Build.0 = Release|iPhoneSimulator
		{E5296DFA-7710-4D5A-9F6F-AF8D505E8B41}.Release|x86.Deploy.0 = Release|iPhoneSimulator
		{9F802985-8A34-4886-83AE-D4EF0E216CAD}.Debug|Any CPU.ActiveCfg = Debug|Any CPU
		{9F802985-8A34-4886-83AE-D4EF0E216CAD}.Debug|Any CPU.Build.0 = Debug|Any CPU
		{9F802985-8A34-4886-83AE-D4EF0E216CAD}.Debug|Any CPU.Deploy.0 = Debug|Any CPU
		{9F802985-8A34-4886-83AE-D4EF0E216CAD}.Debug|ARM.ActiveCfg = Debug|Any CPU
		{9F802985-8A34-4886-83AE-D4EF0E216CAD}.Debug|ARM.Build.0 = Debug|Any CPU
		{9F802985-8A34-4886-83AE-D4EF0E216CAD}.Debug|ARM.Deploy.0 = Debug|Any CPU
		{9F802985-8A34-4886-83AE-D4EF0E216CAD}.Debug|iPhone.ActiveCfg = Debug|Any CPU
		{9F802985-8A34-4886-83AE-D4EF0E216CAD}.Debug|iPhone.Build.0 = Debug|Any CPU
		{9F802985-8A34-4886-83AE-D4EF0E216CAD}.Debug|iPhone.Deploy.0 = Debug|Any CPU
		{9F802985-8A34-4886-83AE-D4EF0E216CAD}.Debug|iPhoneSimulator.ActiveCfg = Debug|Any CPU
		{9F802985-8A34-4886-83AE-D4EF0E216CAD}.Debug|iPhoneSimulator.Build.0 = Debug|Any CPU
		{9F802985-8A34-4886-83AE-D4EF0E216CAD}.Debug|iPhoneSimulator.Deploy.0 = Debug|Any CPU
		{9F802985-8A34-4886-83AE-D4EF0E216CAD}.Debug|x64.ActiveCfg = Debug|Any CPU
		{9F802985-8A34-4886-83AE-D4EF0E216CAD}.Debug|x64.Build.0 = Debug|Any CPU
		{9F802985-8A34-4886-83AE-D4EF0E216CAD}.Debug|x64.Deploy.0 = Debug|Any CPU
		{9F802985-8A34-4886-83AE-D4EF0E216CAD}.Debug|x86.ActiveCfg = Debug|Any CPU
		{9F802985-8A34-4886-83AE-D4EF0E216CAD}.Debug|x86.Build.0 = Debug|Any CPU
		{9F802985-8A34-4886-83AE-D4EF0E216CAD}.Debug|x86.Deploy.0 = Debug|Any CPU
		{9F802985-8A34-4886-83AE-D4EF0E216CAD}.Release|Any CPU.ActiveCfg = Release|Any CPU
		{9F802985-8A34-4886-83AE-D4EF0E216CAD}.Release|Any CPU.Build.0 = Release|Any CPU
		{9F802985-8A34-4886-83AE-D4EF0E216CAD}.Release|Any CPU.Deploy.0 = Release|Any CPU
		{9F802985-8A34-4886-83AE-D4EF0E216CAD}.Release|ARM.ActiveCfg = Release|Any CPU
		{9F802985-8A34-4886-83AE-D4EF0E216CAD}.Release|ARM.Build.0 = Release|Any CPU
		{9F802985-8A34-4886-83AE-D4EF0E216CAD}.Release|ARM.Deploy.0 = Release|Any CPU
		{9F802985-8A34-4886-83AE-D4EF0E216CAD}.Release|iPhone.ActiveCfg = Release|Any CPU
		{9F802985-8A34-4886-83AE-D4EF0E216CAD}.Release|iPhone.Build.0 = Release|Any CPU
		{9F802985-8A34-4886-83AE-D4EF0E216CAD}.Release|iPhone.Deploy.0 = Release|Any CPU
		{9F802985-8A34-4886-83AE-D4EF0E216CAD}.Release|iPhoneSimulator.ActiveCfg = Release|Any CPU
		{9F802985-8A34-4886-83AE-D4EF0E216CAD}.Release|iPhoneSimulator.Build.0 = Release|Any CPU
		{9F802985-8A34-4886-83AE-D4EF0E216CAD}.Release|iPhoneSimulator.Deploy.0 = Release|Any CPU
		{9F802985-8A34-4886-83AE-D4EF0E216CAD}.Release|x64.ActiveCfg = Release|Any CPU
		{9F802985-8A34-4886-83AE-D4EF0E216CAD}.Release|x64.Build.0 = Release|Any CPU
		{9F802985-8A34-4886-83AE-D4EF0E216CAD}.Release|x64.Deploy.0 = Release|Any CPU
		{9F802985-8A34-4886-83AE-D4EF0E216CAD}.Release|x86.ActiveCfg = Release|Any CPU
		{9F802985-8A34-4886-83AE-D4EF0E216CAD}.Release|x86.Build.0 = Release|Any CPU
		{9F802985-8A34-4886-83AE-D4EF0E216CAD}.Release|x86.Deploy.0 = Release|Any CPU
	EndGlobalSection
	GlobalSection(SolutionProperties) = preSolution
		HideSolutionNode = FALSE
	EndGlobalSection
	GlobalSection(ExtensibilityGlobals) = postSolution
		SolutionGuid = {19FFBABA-F7F1-4845-A863-B0E1AE22BFE2}
	EndGlobalSection
EndGlobal
